{
  "requires": true,
  "lockfileVersion": 1,
  "dependencies": {
    "lottie-web": {
      "version": "5.5.8",
      "resolved": "https://registry.npmjs.org/lottie-web/-/lottie-web-5.5.8.tgz",
      "integrity": "sha512-FBQG08X6ifTn6gt8c1m/d7eZC50nyFwmEUVlt/d/seZIAuy8StB1fRqdaUk3xMCDMr+RtPzsBtOXQ6iDhHT+XA=="
    }
  }
}
